// !$*UTF8*$!
{
	archiveVersion = 1;
	classes = {
	};
	objectVersion = 46;
	objects = {

/* Begin PBXBuildFile section */
		1EAFCDC51E2002B8002220CC /* AppDelegate.swift in Sources */ = {isa = PBXBuildFile; fileRef = 1EAFCDC41E2002B8002220CC /* AppDelegate.swift */; };
		1EAFCDC71E2002B8002220CC /* ViewController.swift in Sources */ = {isa = PBXBuildFile; fileRef = 1EAFCDC61E2002B8002220CC /* ViewController.swift */; };
		1EAFCDCA1E2002B8002220CC /* Main.storyboard in Resources */ = {isa = PBXBuildFile; fileRef = 1EAFCDC81E2002B8002220CC /* Main.storyboard */; };
		1EAFCDCC1E2002B8002220CC /* Assets.xcassets in Resources */ = {isa = PBXBuildFile; fileRef = 1EAFCDCB1E2002B8002220CC /* Assets.xcassets */; };
		1EAFCDCF1E2002B8002220CC /* LaunchScreen.storyboard in Resources */ = {isa = PBXBuildFile; fileRef = 1EAFCDCD1E2002B8002220CC /* LaunchScreen.storyboard */; };
		1EAFCDD71E200590002220CC /* embedded.html in Resources */ = {isa = PBXBuildFile; fileRef = 1EAFCDD61E200590002220CC /* embedded.html */; };
		1EAFCDDA1E2007EE002220CC /* skeleton.css in Resources */ = {isa = PBXBuildFile; fileRef = 1EAFCDD81E2007EE002220CC /* skeleton.css */; };
		1EAFCDDB1E2007EE002220CC /* normalize.css in Resources */ = {isa = PBXBuildFile; fileRef = 1EAFCDD91E2007EE002220CC /* normalize.css */; };
		1EAFCDDD1E22030C002220CC /* inject.js in Resources */ = {isa = PBXBuildFile; fileRef = 1EAFCDDC1E22030C002220CC /* inject.js */; };
/* End PBXBuildFile section */

/* Begin PBXFileReference section */
		1EAFCDC11E2002B8002220CC /* MobyDick.app */ = {isa = PBXFileReference; explicitFileType = wrapper.application; includeInIndex = 0; path = MobyDick.app; sourceTree = BUILT_PRODUCTS_DIR; };
		1EAFCDC41E2002B8002220CC /* AppDelegate.swift */ = {isa = PBXFileReference; lastKnownFileType = sourcecode.swift; path = AppDelegate.swift; sourceTree = "<group>"; };
		1EAFCDC61E2002B8002220CC /* ViewController.swift */ = {isa = PBXFileReference; lastKnownFileType = sourcecode.swift; path = ViewController.swift; sourceTree = "<group>"; };
		1EAFCDC91E2002B8002220CC /* Base */ = {isa = PBXFileReference; lastKnownFileType = file.storyboard; name = Base; path = Base.lproj/Main.storyboard; sourceTree = "<group>"; };
		1EAFCDCB1E2002B8002220CC /* Assets.xcassets */ = {isa = PBXFileReference; lastKnownFileType = folder.assetcatalog; path = Assets.xcassets; sourceTree = "<group>"; };
		1EAFCDCE1E2002B8002220CC /* Base */ = {isa = PBXFileReference; lastKnownFileType = file.storyboard; name = Base; path = Base.lproj/LaunchScreen.storyboard; sourceTree = "<group>"; };
		1EAFCDD01E2002B8002220CC /* Info.plist */ = {isa = PBXFileReference; lastKnownFileType = text.plist.xml; path = Info.plist; sourceTree = "<group>"; };
		1EAFCDD61E200590002220CC /* embedded.html */ = {isa = PBXFileReference; fileEncoding = 4; lastKnownFileType = text.html; path = embedded.html; sourceTree = "<group>"; };
		1EAFCDD81E2007EE002220CC /* skeleton.css */ = {isa = PBXFileReference; fileEncoding = 4; lastKnownFileType = text.css; path = skeleton.css; sourceTree = "<group>"; };
		1EAFCDD91E2007EE002220CC /* normalize.css */ = {isa = PBXFileReference; fileEncoding = 4; lastKnownFileType = text.css; path = normalize.css; sourceTree = "<group>"; };
		1EAFCDDC1E22030C002220CC /* inject.js */ = {isa = PBXFileReference; fileEncoding = 4; lastKnownFileType = sourcecode.javascript; path = inject.js; sourceTree = "<group>"; };
/* End PBXFileReference section */

/* Begin PBXFrameworksBuildPhase section */
		1EAFCDBE1E2002B8002220CC /* Frameworks */ = {
			isa = PBXFrameworksBuildPhase;
			buildActionMask = 2147483647;
			files = (
			);
			runOnlyForDeploymentPostprocessing = 0;
		};
/* End PBXFrameworksBuildPhase section */

/* Begin PBXGroup section */
		1EAFCDB81E2002B8002220CC = {
			isa = PBXGroup;
			children = (
				1EAFCDC31E2002B8002220CC /* MobyDick */,
				1EAFCDC21E2002B8002220CC /* Products */,
			);
			sourceTree = "<group>";
		};
		1EAFCDC21E2002B8002220CC /* Products */ = {
			isa = PBXGroup;
			children = (
				1EAFCDC11E2002B8002220CC /* MobyDick.app */,
			);
			name = Products;
			sourceTree = "<group>";
		};
		1EAFCDC31E2002B8002220CC /* MobyDick */ = {
			isa = PBXGroup;
			children = (
				1EAFCDC41E2002B8002220CC /* AppDelegate.swift */,
				1EAFCDC61E2002B8002220CC /* ViewController.swift */,
				1EAFCDDC1E22030C002220CC /* inject.js */,
				1EAFCDD61E200590002220CC /* embedded.html */,
				1EAFCDD81E2007EE002220CC /* skeleton.css */,
				1EAFCDD91E2007EE002220CC /* normalize.css */,
				1EAFCDC81E2002B8002220CC /* Main.storyboard */,
				1EAFCDCB1E2002B8002220CC /* Assets.xcassets */,
				1EAFCDCD1E2002B8002220CC /* LaunchScreen.storyboard */,
				1EAFCDD01E2002B8002220CC /* Info.plist */,
			);
			path = MobyDick;
			sourceTree = "<group>";
		};
/* End PBXGroup section */

/* Begin PBXNativeTarget section */
		1EAFCDC01E2002B8002220CC /* MobyDick */ = {
			isa = PBXNativeTarget;
			buildConfigurationList = 1EAFCDD31E2002B8002220CC /* Build configuration list for PBXNativeTarget "MobyDick" */;
			buildPhases = (
				1EAFCDBD1E2002B8002220CC /* Sources */,
				1EAFCDBE1E2002B8002220CC /* Frameworks */,
				1EAFCDBF1E2002B8002220CC /* Resources */,
			);
			buildRules = (
			);
			dependencies = (
			);
			name = MobyDick;
			productName = MobyDick;
			productReference = 1EAFCDC11E2002B8002220CC /* MobyDick.app */;
			productType = "com.apple.product-type.application";
		};
/* End PBXNativeTarget section */

/* Begin PBXProject section */
		1EAFCDB91E2002B8002220CC /* Project object */ = {
			isa = PBXProject;
			attributes = {
				LastSwiftUpdateCheck = 0820;
				LastUpgradeCheck = 0820;
				ORGANIZATIONNAME = C4Q;
				TargetAttributes = {
					1EAFCDC01E2002B8002220CC = {
						CreatedOnToolsVersion = 8.2.1;
						ProvisioningStyle = Automatic;
					};
				};
			};
			buildConfigurationList = 1EAFCDBC1E2002B8002220CC /* Build configuration list for PBXProject "MobyDick" */;
			compatibilityVersion = "Xcode 3.2";
			developmentRegion = English;
			hasScannedForEncodings = 0;
			knownRegions = (
				en,
				Base,
			);
			mainGroup = 1EAFCDB81E2002B8002220CC;
			productRefGroup = 1EAFCDC21E2002B8002220CC /* Products */;
			projectDirPath = "";
			projectRoot = "";
			targets = (
				1EAFCDC01E2002B8002220CC /* MobyDick */,
			);
		};
/* End PBXProject section */

/* Begin PBXResourcesBuildPhase section */
		1EAFCDBF1E2002B8002220CC /* Resources */ = {
			isa = PBXResourcesBuildPhase;
			buildActionMask = 2147483647;
			files = (
				1EAFCDDA1E2007EE002220CC /* skeleton.css in Resources */,
				1EAFCDCF1E2002B8002220CC /* LaunchScreen.storyboard in Resources */,
				1EAFCDCC1E2002B8002220CC /* Assets.xcassets in Resources */,
				1EAFCDDD1E22030C002220CC /* inject.js in Resources */,
				1EAFCDDB1E2007EE002220CC /* normalize.css in Resources */,
				1EAFCDD71E200590002220CC /* embedded.html in Resources */,
				1EAFCDCA1E2002B8002220CC /* Main.storyboard in Resources */,
			);
			runOnlyForDeploymentPostprocessing = 0;
		};
/* End PBXResourcesBuildPhase section */

/* Begin PBXSourcesBuildPhase section */
		1EAFCDBD1E2002B8002220CC /* Sources */ = {
			isa = PBXSourcesBuildPhase;
			buildActionMask = 2147483647;
			files = (
				1EAFCDC71E2002B8002220CC /* ViewController.swift in Sources */,
				1EAFCDC51E2002B8002220CC /* AppDelegate.swift in Sources */,
			);
			runOnlyForDeploymentPostprocessing = 0;
		};
/* End PBXSourcesBuildPhase section */

/* Begin PBXVariantGroup section */
		1EAFCDC81E2002B8002220CC /* Main.storyboard */ = {
			isa = PBXVariantGroup;
			children = (
				1EAFCDC91E2002B8002220CC /* Base */,
			);
			name = Main.storyboard;
			sourceTree = "<group>";
		};
		1EAFCDCD1E2002B8002220CC /* LaunchScreen.storyboard */ = {
			isa = PBXVariantGroup;
			children = (
				1EAFCDCE1E2002B8002220CC /* Base */,
			);
			name = LaunchScreen.storyboard;
			sourceTree = "<group>";
		};
/* End PBXVariantGroup section */

/* Begin XCBuildConfiguration section */
		1EAFCDD11E2002B8002220CC /* Debug */ = {
			isa = XCBuildConfiguration;
			buildSettings = {
				ALWAYS_SEARCH_USER_PATHS = NO;
				CLANG_ANALYZER_NONNULL = YES;
				CLANG_CXX_LANGUAGE_STANDARD = "gnu++0x";
				CLANG_CXX_LIBRARY = "libc++";
				CLANG_ENABLE_MODULES = YES;
				CLANG_ENABLE_OBJC_ARC = YES;
				CLANG_WARN_BOOL_CONVERSION = YES;
				CLANG_WARN_CONSTANT_CONVERSION = YES;
				CLANG_WARN_DIRECT_OBJC_ISA_USAGE = YES_ERROR;
				CLANG_WARN_DOCUMENTATION_COMMENTS = YES;
				CLANG_WARN_EMPTY_BODY = YES;
				CLANG_WARN_ENUM_CONVERSION = YES;
				CLANG_WARN_INFINITE_RECURSION = YES;
				CLANG_WARN_INT_CONVERSION = YES;
				CLANG_WARN_OBJC_ROOT_CLASS = YES_ERROR;
				CLANG_WARN_SUSPICIOUS_MOVE = YES;
				CLANG_WARN_UNREACHABLE_CODE = YES;
				CLANG_WARN__DUPLICATE_METHOD_MATCH = YES;
				"CODE_SIGN_IDENTITY[sdk=iphoneos*]" = "iPhone Developer";
				COPY_PHASE_STRIP = NO;
				DEBUG_INFORMATION_FORMAT = dwarf;
				ENABLE_STRICT_OBJC_MSGSEND = YES;
				ENABLE_TESTABILITY = YES;
				GCC_C_LANGUAGE_STANDARD = gnu99;
				GCC_DYNAMIC_NO_PIC = NO;
				GCC_NO_COMMON_BLOCKS = YES;
				GCC_OPTIMIZATION_LEVEL = 0;
				GCC_PREPROCESSOR_DEFINITIONS = (
					"DEBUG=1",
					"$(inherited)",
				);
				GCC_WARN_64_TO_32_BIT_CONVERSION = YES;
				GCC_WARN_ABOUT_RETURN_TYPE = YES_ERROR;
				GCC_WARN_UNDECLARED_SELECTOR = YES;
				GCC_WARN_UNINITIALIZED_AUTOS = YES_AGGRESSIVE;
				GCC_WARN_UNUSED_FUNCTION = YES;
				GCC_WARN_UNUSED_VARIABLE = YES;
				IPHONEOS_DEPLOYMENT_TARGET = 10.2;
				MTL_ENABLE_DEBUG_INFO = YES;
				ONLY_ACTIVE_ARCH = YES;
				SDKROOT = iphoneos;
				SWIFT_ACTIVE_COMPILATION_CONDITIONS = DEBUG;
				SWIFT_OPTIMIZATION_LEVEL = "-Onone";
				TARGETED_DEVICE_FAMILY = "1,2";
			};
			name = Debug;
		};
		1EAFCDD21E2002B8002220CC /* Release */ = {
			isa = XCBuildConfiguration;
			buildSettings = {
				ALWAYS_SEARCH_USER_PATHS = NO;
				CLANG_ANALYZER_NONNULL = YES;
				CLANG_CXX_LANGUAGE_STANDARD = "gnu++0x";
				CLANG_CXX_LIBRARY = "libc++";
				CLANG_ENABLE_MODULES = YES;
				CLANG_ENABLE_OBJC_ARC = YES;
				CLANG_WARN_BOOL_CONVERSION = YES;
				CLANG_WARN_CONSTANT_CONVERSION = YES;
				CLANG_WARN_DIRECT_OBJC_ISA_USAGE = YES_ERROR;
				CLANG_WARN_DOCUMENTATION_COMMENTS = YES;
				CLANG_WARN_EMPTY_BODY = YES;
				CLANG_WARN_ENUM_CONVERSION = YES;
				CLANG_WARN_INFINITE_RECURSION = YES;
				CLANG_WARN_INT_CONVERSION = YES;
				CLANG_WARN_OBJC_ROOT_CLASS = YES_ERROR;
				CLANG_WARN_SUSPICIOUS_MOVE = YES;
				CLANG_WARN_UNREACHABLE_CODE = YES;
				CLANG_WARN__DUPLICATE_METHOD_MATCH = YES;
				"CODE_SIGN_IDENTITY[sdk=iphoneos*]" = "iPhone Developer";
				COPY_PHASE_STRIP = NO;
				DEBUG_INFORMATION_FORMAT = "dwarf-with-dsym";
				ENABLE_NS_ASSERTIONS = NO;
				ENABLE_STRICT_OBJC_MSGSEND = YES;
				GCC_C_LANGUAGE_STANDARD = gnu99;
				GCC_NO_COMMON_BLOCKS = YES;
				GCC_WARN_64_TO_32_BIT_CONVERSION = YES;
				GCC_WARN_ABOUT_RETURN_TYPE = YES_ERROR;
				GCC_WARN_UNDECLARED_SELECTOR = YES;
				GCC_WARN_UNINITIALIZED_AUTOS = YES_AGGRESSIVE;
				GCC_WARN_UNUSED_FUNCTION = YES;
				GCC_WARN_UNUSED_VARIABLE = YES;
				IPHONEOS_DEPLOYMENT_TARGET = 10.2;
				MTL_ENABLE_DEBUG_INFO = NO;
				SDKROOT = iphoneos;
				SWIFT_OPTIMIZATION_LEVEL = "-Owholemodule";
				TARGETED_DEVICE_FAMILY = "1,2";
				VALIDATE_PRODUCT = YES;
			};
			name = Release;
		};
		1EAFCDD41E2002B8002220CC /* Debug */ = {
			isa = XCBuildConfiguration;
			buildSettings = {
				ASSETCATALOG_COMPILER_APPICON_NAME = AppIcon;
				INFOPLIST_FILE = MobyDick/Info.plist;
				LD_RUNPATH_SEARCH_PATHS = "$(inherited) @executable_path/Frameworks";
				PRODUCT_BUNDLE_IDENTIFIER = nyc.c4q.MobyDick;
				PRODUCT_NAME = "$(TARGET_NAME)";
				SWIFT_VERSION = 3.0;
			};
			name = Debug;
		};
		1EAFCDD51E2002B8002220CC /* Release */ = {
			isa = XCBuildConfiguration;
			buildSettings = {
				ASSETCATALOG_COMPILER_APPICON_NAME = AppIcon;
				INFOPLIST_FILE = MobyDick/Info.plist;
				LD_RUNPATH_SEARCH_PATHS = "$(inherited) @executable_path/Frameworks";
				PRODUCT_BUNDLE_IDENTIFIER = nyc.c4q.MobyDick;
				PRODUCT_NAME = "$(TARGET_NAME)";
				SWIFT_VERSION = 3.0;
			};
			name = Release;
		};
/* End XCBuildConfiguration section */

/* Begin XCConfigurationList section */
		1EAFCDBC1E2002B8002220CC /* Build configuration list for PBXProject "MobyDick" */ = {
			isa = XCConfigurationList;
			buildConfigurations = (
				1EAFCDD11E2002B8002220CC /* Debug */,
				1EAFCDD21E2002B8002220CC /* Release */,
			);
			defaultConfigurationIsVisible = 0;
			defaultConfigurationName = Release;
		};
		1EAFCDD31E2002B8002220CC /* Build configuration list for PBXNativeTarget "MobyDick" */ = {
			isa = XCConfigurationList;
			buildConfigurations = (
				1EAFCDD41E2002B8002220CC /* Debug */,
				1EAFCDD51E2002B8002220CC /* Release */,
			);
			defaultConfigurationIsVisible = 0;
			defaultConfigurationName = Release;
		};
/* End XCConfigurationList section */
	};
	rootObject = 1EAFCDB91E2002B8002220CC /* Project object */;
}
